
Microsoft Visual Studio Solution File, Format Version 12.00
# Visual Studio Version 16
VisualStudioVersion = 16.0.31112.23
MinimumVisualStudioVersion = 10.0.40219.1
Project("{FAE04EC0-301F-11D3-BF4B-00C04F79EFBC}") = "PhoneNumberTranslatorApp.Android", "PhoneNumberTranslatorApp\PhoneNumberTranslatorApp.Android\PhoneNumberTranslatorApp.Android.csproj", "{05614AC7-5D5C-491E-8AA9-52AD3D9A28DA}"
EndProject
Project("{FAE04EC0-301F-11D3-BF4B-00C04F79EFBC}") = "PhoneNumberTranslatorApp.iOS", "PhoneNumberTranslatorApp\PhoneNumberTranslatorApp.iOS\PhoneNumberTranslatorApp.iOS.csproj", "{57B1A87F-ECB3-4985-B50D-0B625FF6365F}"
EndProject
Project("{FAE04EC0-301F-11D3-BF4B-00C04F79EFBC}") = "PhoneNumberTranslatorApp", "PhoneNumberTranslatorApp\PhoneNumberTranslatorApp\PhoneNumberTranslatorApp.csproj", "{9D0D6201-3CE2-42A6-964C-BC52F234964F}"
EndProject
Global
	GlobalSection(SolutionConfigurationPlatforms) = preSolution
		Debug|Any CPU = Debug|Any CPU
		Debug|iPhone = Debug|iPhone
		Debug|iPhoneSimulator = Debug|iPhoneSimulator
		Release|Any CPU = Release|Any CPU
		Release|iPhone = Release|iPhone
		Release|iPhoneSimulator = Release|iPhoneSimulator
	EndGlobalSection
	GlobalSection(ProjectConfigurationPlatforms) = postSolution
		{05614AC7-5D5C-491E-8AA9-52AD3D9A28DA}.Debug|Any CPU.ActiveCfg = Debug|Any CPU
		{05614AC7-5D5C-491E-8AA9-52AD3D9A28DA}.Debug|Any CPU.Build.0 = Debug|Any CPU
		{05614AC7-5D5C-491E-8AA9-52AD3D9A28DA}.Debug|Any CPU.Deploy.0 = Debug|Any CPU
		{05614AC7-5D5C-491E-8AA9-52AD3D9A28DA}.Debug|iPhone.ActiveCfg = Debug|Any CPU
		{05614AC7-5D5C-491E-8AA9-52AD3D9A28DA}.Debug|iPhone.Build.0 = Debug|Any CPU
		{05614AC7-5D5C-491E-8AA9-52AD3D9A28DA}.Debug|iPhone.Deploy.0 = Debug|Any CPU
		{05614AC7-5D5C-491E-8AA9-52AD3D9A28DA}.Debug|iPhoneSimulator.ActiveCfg = Debug|Any CPU
		{05614AC7-5D5C-491E-8AA9-52AD3D9A28DA}.Debug|iPhoneSimulator.Build.0 = Debug|Any CPU
		{05614AC7-5D5C-491E-8AA9-52AD3D9A28DA}.Debug|iPhoneSimulator.Deploy.0 = Debug|Any CPU
		{05614AC7-5D5C-491E-8AA9-52AD3D9A28DA}.Release|Any CPU.ActiveCfg = Release|Any CPU
		{05614AC7-5D5C-491E-8AA9-52AD3D9A28DA}.Release|Any CPU.Build.0 = Release|Any CPU
		{05614AC7-5D5C-491E-8AA9-52AD3D9A28DA}.Release|Any CPU.Deploy.0 = Release|Any CPU
		{05614AC7-5D5C-491E-8AA9-52AD3D9A28DA}.Release|iPhone.ActiveCfg = Release|Any CPU
		{05614AC7-5D5C-491E-8AA9-52AD3D9A28DA}.Release|iPhone.Build.0 = Release|Any CPU
		{05614AC7-5D5C-491E-8AA9-52AD3D9A28DA}.Release|iPhone.Deploy.0 = Release|Any CPU
		{05614AC7-5D5C-491E-8AA9-52AD3D9A28DA}.Release|iPhoneSimulator.ActiveCfg = Release|Any CPU
		{05614AC7-5D5C-491E-8AA9-52AD3D9A28DA}.Release|iPhoneSimulator.Build.0 = Release|Any CPU
		{05614AC7-5D5C-491E-8AA9-52AD3D9A28DA}.Release|iPhoneSimulator.Deploy.0 = Release|Any CPU
		{57B1A87F-ECB3-4985-B50D-0B625FF6365F}.Debug|Any CPU.ActiveCfg = Debug|iPhone
		{57B1A87F-ECB3-4985-B50D-0B625FF6365F}.Debug|Any CPU.Build.0 = Debug|iPhone
		{57B1A87F-ECB3-4985-B50D-0B625FF6365F}.Debug|Any CPU.Deploy.0 = Debug|iPhone
		{57B1A87F-ECB3-4985-B50D-0B625FF6365F}.Debug|iPhone.ActiveCfg = Debug|iPhone
		{57B1A87F-ECB3-4985-B50D-0B625FF6365F}.Debug|iPhone.Build.0 = Debug|iPhone
		{57B1A87F-ECB3-4985-B50D-0B625FF6365F}.Debug|iPhone.Deploy.0 = Debug|iPhone
		{57B1A87F-ECB3-4985-B50D-0B625FF6365F}.Debug|iPhoneSimulator.ActiveCfg = Debug|iPhoneSimulator
		{57B1A87F-ECB3-4985-B50D-0B625FF6365F}.Debug|iPhoneSimulator.Build.0 = Debug|iPhoneSimulator
		{57B1A87F-ECB3-4985-B50D-0B625FF6365F}.Debug|iPhoneSimulator.Deploy.0 = Debug|iPhoneSimulator
		{57B1A87F-ECB3-4985-B50D-0B625FF6365F}.Release|Any CPU.ActiveCfg = Release|iPhoneSimulator
		{57B1A87F-ECB3-4985-B50D-0B625FF6365F}.Release|Any CPU.Build.0 = Release|iPhoneSimulator
		{57B1A87F-ECB3-4985-B50D-0B625FF6365F}.Release|Any CPU.Deploy.0 = Release|iPhoneSimulator
		{57B1A87F-ECB3-4985-B50D-0B625FF6365F}.Release|iPhone.ActiveCfg = Release|iPhone
		{57B1A87F-ECB3-4985-B50D-0B625FF6365F}.Release|iPhone.Build.0 = Release|iPhone
		{57B1A87F-ECB3-4985-B50D-0B625FF6365F}.Release|iPhone.Deploy.0 = Release|iPhone
		{57B1A87F-ECB3-4985-B50D-0B625FF6365F}.Release|iPhoneSimulator.ActiveCfg = Release|iPhoneSimulator
		{57B1A87F-ECB3-4985-B50D-0B625FF6365F}.Release|iPhoneSimulator.Build.0 = Release|iPhoneSimulator
		{57B1A87F-ECB3-4985-B50D-0B625FF6365F}.Release|iPhoneSimulator.Deploy.0 = Release|iPhoneSimulator
		{9D0D6201-3CE2-42A6-964C-BC52F234964F}.Debug|Any CPU.ActiveCfg = Debug|Any CPU
		{9D0D6201-3CE2-42A6-964C-BC52F234964F}.Debug|Any CPU.Build.0 = Debug|Any CPU
		{9D0D6201-3CE2-42A6-964C-BC52F234964F}.Debug|Any CPU.Deploy.0 = Debug|Any CPU
		{9D0D6201-3CE2-42A6-964C-BC52F234964F}.Debug|iPhone.ActiveCfg = Debug|Any CPU
		{9D0D6201-3CE2-42A6-964C-BC52F234964F}.Debug|iPhone.Build.0 = Debug|Any CPU
		{9D0D6201-3CE2-42A6-964C-BC52F234964F}.Debug|iPhone.Deploy.0 = Debug|Any CPU
		{9D0D6201-3CE2-42A6-964C-BC52F234964F}.Debug|iPhoneSimulator.ActiveCfg = Debug|Any CPU
		{9D0D6201-3CE2-42A6-964C-BC52F234964F}.Debug|iPhoneSimulator.Build.0 = Debug|Any CPU
		{9D0D6201-3CE2-42A6-964C-BC52F234964F}.Debug|iPhoneSimulator.Deploy.0 = Debug|Any CPU
		{9D0D6201-3CE2-42A6-964C-BC52F234964F}.Release|Any CPU.ActiveCfg = Release|Any CPU
		{9D0D6201-3CE2-42A6-964C-BC52F234964F}.Release|Any CPU.Build.0 = Release|Any CPU
		{9D0D6201-3CE2-42A6-964C-BC52F234964F}.Release|Any CPU.Deploy.0 = Release|Any CPU
		{9D0D6201-3CE2-42A6-964C-BC52F234964F}.Release|iPhone.ActiveCfg = Release|Any CPU
		{9D0D6201-3CE2-42A6-964C-BC52F234964F}.Release|iPhone.Build.0 = Release|Any CPU
		{9D0D6201-3CE2-42A6-964C-BC52F234964F}.Release|iPhone.Deploy.0 = Release|Any CPU
		{9D0D6201-3CE2-42A6-964C-BC52F234964F}.Release|iPhoneSimulator.ActiveCfg = Release|Any CPU
		{9D0D6201-3CE2-42A6-964C-BC52F234964F}.Release|iPhoneSimulator.Build.0 = Release|Any CPU
		{9D0D6201-3CE2-42A6-964C-BC52F234964F}.Release|iPhoneSimulator.Deploy.0 = Release|Any CPU
	EndGlobalSection
	GlobalSection(SolutionProperties) = preSolution
		HideSolutionNode = FALSE
	EndGlobalSection
	GlobalSection(ExtensibilityGlobals) = postSolution
		SolutionGuid = {3E58B639-967A-4CA3-A03A-853BD078D616}
	EndGlobalSection
EndGlobal
